
Microsoft Visual Studio Solution File, Format Version 12.00
# Visual Studio Version 16
VisualStudioVersion = 16.0.30320.27
MinimumVisualStudioVersion = 10.0.40219.1
Project("{FAE04EC0-301F-11D3-BF4B-00C04F79EFBC}") = "eShopSolution.WebApp", "eShopSolution.WebApp\eShopSolution.WebApp.csproj", "{3FA977EC-9B54-4D80-959F-C2E23D4957DF}"
EndProject
Project("{2150E333-8FDC-42A3-9474-1A3956D46DE8}") = "Solution Items", "Solution Items", "{E0AD3D59-5F8D-4C5B-AF1F-853B11947315}"
	ProjectSection(SolutionItems) = preProject
		README.md = README.md
	EndProjectSection
EndProject
Project("{FAE04EC0-301F-11D3-BF4B-00C04F79EFBC}") = "eShopSolution.Data", "eShopSolution.Data\eShopSolution.Data.csproj", "{0444C527-D3C3-4E7C-AB61-1B7A449B238B}"
EndProject
Project("{FAE04EC0-301F-11D3-BF4B-00C04F79EFBC}") = "eShopSolution.Application", "eShopSolution.Application\eShopSolution.Application.csproj", "{B7F53B7B-700D-4794-932D-6702C8C17C60}"
EndProject
Global
	GlobalSection(SolutionConfigurationPlatforms) = preSolution
		Debug|Any CPU = Debug|Any CPU
		Release|Any CPU = Release|Any CPU
	EndGlobalSection
	GlobalSection(ProjectConfigurationPlatforms) = postSolution
		{3FA977EC-9B54-4D80-959F-C2E23D4957DF}.Debug|Any CPU.ActiveCfg = Debug|Any CPU
		{3FA977EC-9B54-4D80-959F-C2E23D4957DF}.Debug|Any CPU.Build.0 = Debug|Any CPU
		{3FA977EC-9B54-4D80-959F-C2E23D4957DF}.Release|Any CPU.ActiveCfg = Release|Any CPU
		{3FA977EC-9B54-4D80-959F-C2E23D4957DF}.Release|Any CPU.Build.0 = Release|Any CPU
		{0444C527-D3C3-4E7C-AB61-1B7A449B238B}.Debug|Any CPU.ActiveCfg = Debug|Any CPU
		{0444C527-D3C3-4E7C-AB61-1B7A449B238B}.Debug|Any CPU.Build.0 = Debug|Any CPU
		{0444C527-D3C3-4E7C-AB61-1B7A449B238B}.Release|Any CPU.ActiveCfg = Release|Any CPU
		{0444C527-D3C3-4E7C-AB61-1B7A449B238B}.Release|Any CPU.Build.0 = Release|Any CPU
		{B7F53B7B-700D-4794-932D-6702C8C17C60}.Debug|Any CPU.ActiveCfg = Debug|Any CPU
		{B7F53B7B-700D-4794-932D-6702C8C17C60}.Debug|Any CPU.Build.0 = Debug|Any CPU
		{B7F53B7B-700D-4794-932D-6702C8C17C60}.Release|Any CPU.ActiveCfg = Release|Any CPU
		{B7F53B7B-700D-4794-932D-6702C8C17C60}.Release|Any CPU.Build.0 = Release|Any CPU
	EndGlobalSection
	GlobalSection(SolutionProperties) = preSolution
		HideSolutionNode = FALSE
	EndGlobalSection
	GlobalSection(ExtensibilityGlobals) = postSolution
		SolutionGuid = {D7570200-12A0-4057-AEC9-3AA4EBDBBD64}
	EndGlobalSection
EndGlobal
